
Microsoft Visual Studio Solution File, Format Version 12.00
# Visual Studio Version 16
VisualStudioVersion = 16.0.31313.79
MinimumVisualStudioVersion = 10.0.40219.1
Project("{FAE04EC0-301F-11D3-BF4B-00C04F79EFBC}") = "QrForEBill_Ksa", "QrForEBill_Ksa\QrForEBill_Ksa.csproj", "{0CEE3F27-2222-494C-B0CF-4340BCAAF4D4}"
EndProject
Global
	GlobalSection(SolutionConfigurationPlatforms) = preSolution
		Debug|Any CPU = Debug|Any CPU
		Release|Any CPU = Release|Any CPU
	EndGlobalSection
	GlobalSection(ProjectConfigurationPlatforms) = postSolution
		{0CEE3F27-2222-494C-B0CF-4340BCAAF4D4}.Debug|Any CPU.ActiveCfg = Debug|Any CPU
		{0CEE3F27-2222-494C-B0CF-4340BCAAF4D4}.Debug|Any CPU.Build.0 = Debug|Any CPU
		{0CEE3F27-2222-494C-B0CF-4340BCAAF4D4}.Release|Any CPU.ActiveCfg = Release|Any CPU
		{0CEE3F27-2222-494C-B0CF-4340BCAAF4D4}.Release|Any CPU.Build.0 = Release|Any CPU
	EndGlobalSection
	GlobalSection(SolutionProperties) = preSolution
		HideSolutionNode = FALSE
	EndGlobalSection
	GlobalSection(ExtensibilityGlobals) = postSolution
		SolutionGuid = {FAE92CA0-000F-43FB-96E2-4269B3E3AF59}
	EndGlobalSection
EndGlobal
